{
  "name": "node-red-contrib-sms-send",
  "version": "1.0.2",
  "lockfileVersion": 1,
  "requires": true,
  "dependencies": {
    "@serialport/binding-abstract": {
      "version": "9.0.0",
      "resolved": "https://registry.npmjs.org/@serialport/binding-abstract/-/binding-abstract-9.0.0.tgz",
      "integrity": "sha512-ZU+6ZypP33Rzda1cDnpN0+CNfnODwbRU66GBawNtj2+xE+OMI7a0hbuZAYvQ+BThyDfdX/vn55P1YYeVWI8qpQ==",
      "requires": {
        "debug": "^4.1.1"
      }
    },
    "@serialport/binding-mock": {
      "version": "9.0.0",
      "resolved": "https://registry.npmjs.org/@serialport/binding-mock/-/binding-mock-9.0.0.tgz",
      "integrity": "sha512-E65ZbykGwZSoHpQvjuJkTbwEM0uZku+SROtO+VMs/mShMalBnOSoRDU2IedkFKvz6IqowZZOVyaBUbnKYoAUuQ==",
      "requires": {
        "@serialport/binding-abstract": "^9.0.0",
        "debug": "^4.1.1"
      }
    },
    "@serialport/bindings": {
      "version": "9.2.9",
      "resolved": "https://registry.npmjs.org/@serialport/bindings/-/bindings-9.2.9.tgz",
      "integrity": "sha512-An7PiVlyNMx/0RDnSBxFHIsd4kt0/zPlDALlTjhVQKXbG6e0xRqLKbkoZVzHMS8rg7HzCu8G1nplifoAwNm5Lg==",
      "requires": {
        "@serialport/binding-abstract": "9.2.3",
        "@serialport/parser-readline": "9.2.4",
        "bindings": "^1.5.0",
        "debug": "^4.3.2",
        "nan": "^2.15.0",
        "prebuild-install": "^7.0.0"
      },
      "dependencies": {
        "@serialport/binding-abstract": {
          "version": "9.2.3",
          "resolved": "https://registry.npmjs.org/@serialport/binding-abstract/-/binding-abstract-9.2.3.tgz",
          "integrity": "sha512-cQs9tbIlG3P0IrOWyVirqlhWuJ7Ms2Zh9m2108z6Y5UW/iVj6wEOiW8EmK9QX9jmJXYllE7wgGgvVozP5oCj3w==",
          "requires": {
            "debug": "^4.3.2"
          }
        },
        "@serialport/parser-delimiter": {
          "version": "9.2.4",
          "resolved": "https://registry.npmjs.org/@serialport/parser-delimiter/-/parser-delimiter-9.2.4.tgz",
          "integrity": "sha512-4nvTAoYAgkxFiXrkI+3CA49Yd43CODjeszh89EK+I9c8wOZ+etZduRCzINYPiy26g7zO+GRAb9FoPCsY+sYcbQ=="
        },
        "@serialport/parser-readline": {
          "version": "9.2.4",
          "resolved": "https://registry.npmjs.org/@serialport/parser-readline/-/parser-readline-9.2.4.tgz",
          "integrity": "sha512-Z1/qrZTQUVhNSJP1hd9YfDvq0o7d87rNwAjjRKbVpa7Qi51tG5BnKt43IV3NFMyBlVcRe0rnIb3tJu57E0SOwg==",
          "requires": {
            "@serialport/parser-delimiter": "9.2.4"
          }
        },
        "debug": {
          "version": "4.3.4",
          "resolved": "https://registry.npmjs.org/debug/-/debug-4.3.4.tgz",
          "integrity": "sha512-PRWFHuSU3eDtQJPvnNY7Jcket1j0t5OuOsFzPPzsekD52Zl8qUfFIPEiswXqIvHWGVHOgX+7G/vCNNhehwxfkQ==",
          "requires": {
            "ms": "2.1.2"
          }
        },
        "decompress-response": {
          "version": "6.0.0",
          "resolved": "https://registry.npmjs.org/decompress-response/-/decompress-response-6.0.0.tgz",
          "integrity": "sha512-aW35yZM6Bb/4oJlZncMH2LCoZtJXTRxES17vE3hoRiowU2kWHaJKFkSBDnDR+cm9J+9QhXmREyIfv0pji9ejCQ==",
          "requires": {
            "mimic-response": "^3.1.0"
          }
        },
        "detect-libc": {
          "version": "2.0.1",
          "resolved": "https://registry.npmjs.org/detect-libc/-/detect-libc-2.0.1.tgz",
          "integrity": "sha512-463v3ZeIrcWtdgIg6vI6XUncguvr2TnGl4SzDXinkt9mSLpBJKXT3mW6xT3VQdDN11+WVs29pgvivTc4Lp8v+w=="
        },
        "mimic-response": {
          "version": "3.1.0",
          "resolved": "https://registry.npmjs.org/mimic-response/-/mimic-response-3.1.0.tgz",
          "integrity": "sha512-z0yWI+4FDrrweS8Zmt4Ej5HdJmky15+L2e6Wgn3+iK5fWzb6T3fhNFq2+MeTRb064c6Wr4N/wv0DzQTjNzHNGQ=="
        },
        "nan": {
          "version": "2.17.0",
          "resolved": "https://registry.npmjs.org/nan/-/nan-2.17.0.tgz",
          "integrity": "sha512-2ZTgtl0nJsO0KQCjEpxcIr5D+Yv90plTitZt9JBfQvVJDS5seMl3FOvsh3+9CoYWXf/1l5OaZzzF6nDm4cagaQ=="
        },
        "node-abi": {
          "version": "3.45.0",
          "resolved": "https://registry.npmjs.org/node-abi/-/node-abi-3.45.0.tgz",
          "integrity": "sha512-iwXuFrMAcFVi/ZoZiqq8BzAdsLw9kxDfTC0HMyjXfSL/6CSDAGD5UmR7azrAgWV1zKYq7dUUMj4owusBWKLsiQ==",
          "requires": {
            "semver": "^7.3.5"
          }
        },
        "prebuild-install": {
          "version": "7.1.1",
          "resolved": "https://registry.npmjs.org/prebuild-install/-/prebuild-install-7.1.1.tgz",
          "integrity": "sha512-jAXscXWMcCK8GgCoHOfIr0ODh5ai8mj63L2nWrjuAgXE6tDyYGnx4/8o/rCgU+B4JSyZBKbeZqzhtwtC3ovxjw==",
          "requires": {
            "detect-libc": "^2.0.0",
            "expand-template": "^2.0.3",
            "github-from-package": "0.0.0",
            "minimist": "^1.2.3",
            "mkdirp-classic": "^0.5.3",
            "napi-build-utils": "^1.0.1",
            "node-abi": "^3.3.0",
            "pump": "^3.0.0",
            "rc": "^1.2.7",
            "simple-get": "^4.0.0",
            "tar-fs": "^2.0.0",
            "tunnel-agent": "^0.6.0"
          }
        },
        "semver": {
          "version": "7.5.3",
          "resolved": "https://registry.npmjs.org/semver/-/semver-7.5.3.tgz",
          "integrity": "sha512-QBlUtyVk/5EeHbi7X0fw6liDZc7BBmEaSYn01fMU1OUYbf6GPsbTtd8WmnqbI20SeycoHSeiybkE/q1Q+qlThQ==",
          "requires": {
            "lru-cache": "^6.0.0"
          }
        },
        "simple-get": {
          "version": "4.0.1",
          "resolved": "https://registry.npmjs.org/simple-get/-/simple-get-4.0.1.tgz",
          "integrity": "sha512-brv7p5WgH0jmQJr1ZDDfKDOSeWWg+OVypG99A/5vYGPqJ6pxiaHLy8nxtFjBA7oMa01ebA9gfh1uMCFqOuXxvA==",
          "requires": {
            "decompress-response": "^6.0.0",
            "once": "^1.3.1",
            "simple-concat": "^1.0.0"
          }
        }
      }
    },
    "@serialport/parser-byte-length": {
      "version": "9.0.0",
      "resolved": "https://registry.npmjs.org/@serialport/parser-byte-length/-/parser-byte-length-9.0.0.tgz",
      "integrity": "sha512-MaXWTqxz9SeWaN488uFhDMA3cy2sQFoGHDQqDpy6q9wBGlPBe+UpRAznzOoNPkAehqyPo1Vc7gxYsBfgjZtWaw=="
    },
    "@serialport/parser-cctalk": {
      "version": "9.0.0",
      "resolved": "https://registry.npmjs.org/@serialport/parser-cctalk/-/parser-cctalk-9.0.0.tgz",
      "integrity": "sha512-tFJRF+uceEMYQeOLi92CYr1SScnI+2QLkawNHaVwwcmLV0ezwmsm1hvwBCWHkWDsY6U1SiElNJ5HpF89kS28zQ=="
    },
    "@serialport/parser-delimiter": {
      "version": "9.0.0",
      "resolved": "https://registry.npmjs.org/@serialport/parser-delimiter/-/parser-delimiter-9.0.0.tgz",
      "integrity": "sha512-OesbvlJf1BjFC1zde6cnW1RttxZ8BoXGCOiNvM9mLKdvJ06l9o/4HyVCg2bymj6ziy/gz4407pwyPfvVYApE3A=="
    },
    "@serialport/parser-readline": {
      "version": "9.0.0",
      "resolved": "https://registry.npmjs.org/@serialport/parser-readline/-/parser-readline-9.0.0.tgz",
      "integrity": "sha512-JMCqfn6A+BzcCc/4upYeLB48zijBJmOO/YGcyilXgCW0Mfedqsewgtatmk2tqFhQoJfjyOu3dRE3Lz9xHlRGZQ==",
      "requires": {
        "@serialport/parser-delimiter": "^9.0.0"
      }
    },
    "@serialport/parser-ready": {
      "version": "9.0.0",
      "resolved": "https://registry.npmjs.org/@serialport/parser-ready/-/parser-ready-9.0.0.tgz",
      "integrity": "sha512-oSQR7773Jdc6SjXMA1mWgfFlyBLcIRlZtt1BJMfO07k3ynBmanJ4VysVDTDvxtsREHLgcjoLRKQC/6wl2wvXOQ=="
    },
    "@serialport/parser-regex": {
      "version": "9.0.0",
      "resolved": "https://registry.npmjs.org/@serialport/parser-regex/-/parser-regex-9.0.0.tgz",
      "integrity": "sha512-Q4LDXbWnun5r1ML6ZLS5Wb2BurnkJjtP1geHtZbshLUmpfms++Q28li8OPzv/KQ6praC1HDRG37D0AY6xoObSw=="
    },
    "@serialport/stream": {
      "version": "9.0.0",
      "resolved": "https://registry.npmjs.org/@serialport/stream/-/stream-9.0.0.tgz",
      "integrity": "sha512-JK952xKP+7PX3tXj9DgKafQaAru0sdbkTIY1OpjUNGp0xYWTVUbZRnLK//MLkH6FpoDTJc9ghN2ILK0YRtpLLA==",
      "requires": {
        "debug": "^4.1.1"
      }
    },
    "base64-js": {
      "version": "1.3.1",
      "resolved": "https://registry.npmjs.org/base64-js/-/base64-js-1.3.1.tgz",
      "integrity": "sha512-mLQ4i2QO1ytvGWFWmcngKO//JXAQueZvwEKtjgQFM4jIK0kU+ytMfplL8j+n5mspOfjHwoAg+9yhb7BwAHm36g=="
    },
    "bindings": {
      "version": "1.5.0",
      "resolved": "https://registry.npmjs.org/bindings/-/bindings-1.5.0.tgz",
      "integrity": "sha512-p2q/t/mhvuOj/UeLlV6566GD/guowlr0hHxClI0W9m7MWYkL1F0hLo+0Aexs9HSPCtR1SXQ0TD3MMKrXZajbiQ==",
      "requires": {
        "file-uri-to-path": "1.0.0"
      }
    },
    "bl": {
      "version": "4.0.3",
      "resolved": "https://registry.npmjs.org/bl/-/bl-4.0.3.tgz",
      "integrity": "sha512-fs4G6/Hu4/EE+F75J8DuN/0IpQqNjAdC7aEQv7Qt8MHGUH7Ckv2MwTEEeN9QehD0pfIDkMI1bkHYkKy7xHyKIg==",
      "requires": {
        "buffer": "^5.5.0",
        "inherits": "^2.0.4",
        "readable-stream": "^3.4.0"
      },
      "dependencies": {
        "readable-stream": {
          "version": "3.6.0",
          "resolved": "https://registry.npmjs.org/readable-stream/-/readable-stream-3.6.0.tgz",
          "integrity": "sha512-BViHy7LKeTz4oNnkcLJ+lVSL6vpiFeX6/d3oSH8zCW7UxP2onchk+vTGB143xuFjHS3deTgkKoXXymXqymiIdA==",
          "requires": {
            "inherits": "^2.0.3",
            "string_decoder": "^1.1.1",
            "util-deprecate": "^1.0.1"
          }
        }
      }
    },
    "buffer": {
      "version": "5.6.0",
      "resolved": "https://registry.npmjs.org/buffer/-/buffer-5.6.0.tgz",
      "integrity": "sha512-/gDYp/UtU0eA1ys8bOs9J6a+E/KWIY+DZ+Q2WESNUA0jFRsJOc0SNUO6xJ5SGA1xueg3NL65W6s+NY5l9cunuw==",
      "requires": {
        "base64-js": "^1.0.2",
        "ieee754": "^1.1.4"
      }
    },
    "chownr": {
      "version": "1.1.4",
      "resolved": "https://registry.npmjs.org/chownr/-/chownr-1.1.4.tgz",
      "integrity": "sha512-jJ0bqzaylmJtVnNgzTeSOs8DPavpbYgEr/b0YL8/2GO3xJEhInFmhKMUnEJQjZumK7KXGFhUy89PrsJWlakBVg=="
    },
    "debug": {
      "version": "4.1.1",
      "resolved": "https://registry.npmjs.org/debug/-/debug-4.1.1.tgz",
      "integrity": "sha512-pYAIzeRo8J6KPEaJ0VWOh5Pzkbw/RetuzehGM7QRRX5he4fPHx2rdKMB256ehJCkX+XRQm16eZLqLNS8RSZXZw==",
      "requires": {
        "ms": "^2.1.1"
      }
    },
    "deep-extend": {
      "version": "0.6.0",
      "resolved": "https://registry.npmjs.org/deep-extend/-/deep-extend-0.6.0.tgz",
      "integrity": "sha512-LOHxIOaPYdHlJRtCQfDIVZtfw/ufM8+rVj649RIHzcm/vGwQRXFt6OPqIFWsm2XEMrNIEtWR64sY1LEKD2vAOA=="
    },
    "end-of-stream": {
      "version": "1.4.4",
      "resolved": "https://registry.npmjs.org/end-of-stream/-/end-of-stream-1.4.4.tgz",
      "integrity": "sha512-+uw1inIHVPQoaVuHzRyXd21icM+cnt4CzD5rW+NC1wjOUSTOs+Te7FOv7AhN7vS9x/oIyhLP5PR1H+phQAHu5Q==",
      "requires": {
        "once": "^1.4.0"
      }
    },
    "expand-template": {
      "version": "2.0.3",
      "resolved": "https://registry.npmjs.org/expand-template/-/expand-template-2.0.3.tgz",
      "integrity": "sha512-XYfuKMvj4O35f/pOXLObndIRvyQ+/+6AhODh+OKWj9S9498pHHn/IMszH+gt0fBCRWMNfk1ZSp5x3AifmnI2vg=="
    },
    "file-uri-to-path": {
      "version": "1.0.0",
      "resolved": "https://registry.npmjs.org/file-uri-to-path/-/file-uri-to-path-1.0.0.tgz",
      "integrity": "sha512-0Zt+s3L7Vf1biwWZ29aARiVYLx7iMGnEUl9x33fbB/j3jR81u/O2LbqK+Bm1CDSNDKVtJ/YjwY7TUd5SkeLQLw=="
    },
    "fs-constants": {
      "version": "1.0.0",
      "resolved": "https://registry.npmjs.org/fs-constants/-/fs-constants-1.0.0.tgz",
      "integrity": "sha512-y6OAwoSIf7FyjMIv94u+b5rdheZEjzR63GTyZJm5qh4Bi+2YgwLCcI/fPFZkL5PSixOt6ZNKm+w+Hfp/Bciwow=="
    },
    "github-from-package": {
      "version": "0.0.0",
      "resolved": "https://registry.npmjs.org/github-from-package/-/github-from-package-0.0.0.tgz",
      "integrity": "sha1-l/tdlr/eiXMxPyDoKI75oWf6ZM4="
    },
    "ieee754": {
      "version": "1.1.13",
      "resolved": "https://registry.npmjs.org/ieee754/-/ieee754-1.1.13.tgz",
      "integrity": "sha512-4vf7I2LYV/HaWerSo3XmlMkp5eZ83i+/CDluXi/IGTs/O1sejBNhTtnxzmRZfvOUqj7lZjqHkeTvpgSFDlWZTg=="
    },
    "inherits": {
      "version": "2.0.4",
      "resolved": "https://registry.npmjs.org/inherits/-/inherits-2.0.4.tgz",
      "integrity": "sha512-k/vGaX4/Yla3WzyMCvTQOXYeIHvqOKtnqBduzTHpzpQZzAskKMhZ2K+EnBiSM9zGSoIFeMpXKxa4dYeZIQqewQ=="
    },
    "ini": {
      "version": "1.3.8",
      "resolved": "https://registry.npmjs.org/ini/-/ini-1.3.8.tgz",
      "integrity": "sha512-JV/yugV2uzW5iMRSiZAyDtQd+nxtUnjeLt0acNdw98kKLrvuRVyB80tsREOE7yvGVgalhZ6RNXCmEHkUKBKxew=="
    },
    "lru-cache": {
      "version": "6.0.0",
      "resolved": "https://registry.npmjs.org/lru-cache/-/lru-cache-6.0.0.tgz",
      "integrity": "sha512-Jo6dJ04CmSjuznwJSS3pUeWmd/H0ffTlkXXgwZi+eq1UCmqQwCh+eLsYOYCwY991i2Fah4h1BEMCx4qThGbsiA==",
      "requires": {
        "yallist": "^4.0.0"
      }
    },
    "minimist": {
      "version": "1.2.6",
      "resolved": "https://registry.npmjs.org/minimist/-/minimist-1.2.6.tgz",
      "integrity": "sha512-Jsjnk4bw3YJqYzbdyBiNsPWHPfO++UGG749Cxs6peCu5Xg4nrena6OVxOYxrQTqww0Jmwt+Ref8rggumkTLz9Q=="
    },
    "mkdirp-classic": {
      "version": "0.5.3",
      "resolved": "https://registry.npmjs.org/mkdirp-classic/-/mkdirp-classic-0.5.3.tgz",
      "integrity": "sha512-gKLcREMhtuZRwRAfqP3RFW+TK4JqApVBtOIftVgjuABpAtpxhPGaDcfvbhNvD0B8iD1oUr/txX35NjcaY6Ns/A=="
    },
    "ms": {
      "version": "2.1.2",
      "resolved": "https://registry.npmjs.org/ms/-/ms-2.1.2.tgz",
      "integrity": "sha512-sGkPx+VjMtmA6MX27oA4FBFELFCZZ4S4XqeGOXCv68tT+jb3vk/RyaKWP0PTKyWtmLSM0b+adUTEvbs1PEaH2w=="
    },
    "napi-build-utils": {
      "version": "1.0.2",
      "resolved": "https://registry.npmjs.org/napi-build-utils/-/napi-build-utils-1.0.2.tgz",
      "integrity": "sha512-ONmRUqK7zj7DWX0D9ADe03wbwOBZxNAfF20PlGfCWQcD3+/MakShIHrMqx9YwPTfxDdF1zLeL+RGZiR9kGMLdg=="
    },
    "once": {
      "version": "1.4.0",
      "resolved": "https://registry.npmjs.org/once/-/once-1.4.0.tgz",
      "integrity": "sha1-WDsap3WWHUsROsF9nFC6753Xa9E=",
      "requires": {
        "wrappy": "1"
      }
    },
    "pump": {
      "version": "3.0.0",
      "resolved": "https://registry.npmjs.org/pump/-/pump-3.0.0.tgz",
      "integrity": "sha512-LwZy+p3SFs1Pytd/jYct4wpv49HiYCqd9Rlc5ZVdk0V+8Yzv6jR5Blk3TRmPL1ft69TxP0IMZGJ+WPFU2BFhww==",
      "requires": {
        "end-of-stream": "^1.1.0",
        "once": "^1.3.1"
      }
    },
    "rc": {
      "version": "1.2.8",
      "resolved": "https://registry.npmjs.org/rc/-/rc-1.2.8.tgz",
      "integrity": "sha512-y3bGgqKj3QBdxLbLkomlohkvsA8gdAiUQlSBJnBhfn+BPxg4bc62d8TcBW15wavDfgexCgccckhcZvywyQYPOw==",
      "requires": {
        "deep-extend": "^0.6.0",
        "ini": "~1.3.0",
        "minimist": "^1.2.0",
        "strip-json-comments": "~2.0.1"
      }
    },
    "safe-buffer": {
      "version": "5.1.2",
      "resolved": "https://registry.npmjs.org/safe-buffer/-/safe-buffer-5.1.2.tgz",
      "integrity": "sha512-Gd2UZBJDkXlY7GbJxfsE8/nvKkUEU1G38c1siN6QP6a9PT9MmHB8GnpscSmMJSoF8LOIrt8ud/wPtojys4G6+g=="
    },
    "serialport": {
      "version": "9.0.0",
      "resolved": "https://registry.npmjs.org/serialport/-/serialport-9.0.0.tgz",
      "integrity": "sha512-4kQqIM0XhT6QECyzJtPdSsDWRFt8u3/vscQxb+z4TrAMiPDkDGBTLDaXmCxarXDa1s7EeK1IyxMce9wzWPFzAQ==",
      "requires": {
        "@serialport/binding-mock": "^9.0.0",
        "@serialport/bindings": "^9.0.0",
        "@serialport/parser-byte-length": "^9.0.0",
        "@serialport/parser-cctalk": "^9.0.0",
        "@serialport/parser-delimiter": "^9.0.0",
        "@serialport/parser-readline": "^9.0.0",
        "@serialport/parser-ready": "^9.0.0",
        "@serialport/parser-regex": "^9.0.0",
        "@serialport/stream": "^9.0.0",
        "debug": "^4.1.1"
      }
    },
    "simple-concat": {
      "version": "1.0.0",
      "resolved": "https://registry.npmjs.org/simple-concat/-/simple-concat-1.0.0.tgz",
      "integrity": "sha1-c0TLuLbib7J9ZrL8hvn21Zl1IcY="
    },
    "string_decoder": {
      "version": "1.1.1",
      "resolved": "https://registry.npmjs.org/string_decoder/-/string_decoder-1.1.1.tgz",
      "integrity": "sha512-n/ShnvDi6FHbbVfviro+WojiFzv+s8MPMHBczVePfUpDJLwoLT0ht1l4YwBCbi8pJAveEEdnkHyPyTP/mzRfwg==",
      "requires": {
        "safe-buffer": "~5.1.0"
      }
    },
    "strip-json-comments": {
      "version": "2.0.1",
      "resolved": "https://registry.npmjs.org/strip-json-comments/-/strip-json-comments-2.0.1.tgz",
      "integrity": "sha1-PFMZQukIwml8DsNEhYwobHygpgo="
    },
    "tar-fs": {
      "version": "2.1.0",
      "resolved": "https://registry.npmjs.org/tar-fs/-/tar-fs-2.1.0.tgz",
      "integrity": "sha512-9uW5iDvrIMCVpvasdFHW0wJPez0K4JnMZtsuIeDI7HyMGJNxmDZDOCQROr7lXyS+iL/QMpj07qcjGYTSdRFXUg==",
      "requires": {
        "chownr": "^1.1.1",
        "mkdirp-classic": "^0.5.2",
        "pump": "^3.0.0",
        "tar-stream": "^2.0.0"
      }
    },
    "tar-stream": {
      "version": "2.1.3",
      "resolved": "https://registry.npmjs.org/tar-stream/-/tar-stream-2.1.3.tgz",
      "integrity": "sha512-Z9yri56Dih8IaK8gncVPx4Wqt86NDmQTSh49XLZgjWpGZL9GK9HKParS2scqHCC4w6X9Gh2jwaU45V47XTKwVA==",
      "requires": {
        "bl": "^4.0.1",
        "end-of-stream": "^1.4.1",
        "fs-constants": "^1.0.0",
        "inherits": "^2.0.3",
        "readable-stream": "^3.1.1"
      },
      "dependencies": {
        "readable-stream": {
          "version": "3.6.0",
          "resolved": "https://registry.npmjs.org/readable-stream/-/readable-stream-3.6.0.tgz",
          "integrity": "sha512-BViHy7LKeTz4oNnkcLJ+lVSL6vpiFeX6/d3oSH8zCW7UxP2onchk+vTGB143xuFjHS3deTgkKoXXymXqymiIdA==",
          "requires": {
            "inherits": "^2.0.3",
            "string_decoder": "^1.1.1",
            "util-deprecate": "^1.0.1"
          }
        }
      }
    },
    "tunnel-agent": {
      "version": "0.6.0",
      "resolved": "https://registry.npmjs.org/tunnel-agent/-/tunnel-agent-0.6.0.tgz",
      "integrity": "sha1-J6XeoGs2sEoKmWZ3SykIaPD8QP0=",
      "requires": {
        "safe-buffer": "^5.0.1"
      }
    },
    "util-deprecate": {
      "version": "1.0.2",
      "resolved": "https://registry.npmjs.org/util-deprecate/-/util-deprecate-1.0.2.tgz",
      "integrity": "sha1-RQ1Nyfpw3nMnYvvS1KKJgUGaDM8="
    },
    "wrappy": {
      "version": "1.0.2",
      "resolved": "https://registry.npmjs.org/wrappy/-/wrappy-1.0.2.tgz",
      "integrity": "sha1-tSQ9jz7BqjXxNkYFvA0QNuMKtp8="
    },
    "yallist": {
      "version": "4.0.0",
      "resolved": "https://registry.npmjs.org/yallist/-/yallist-4.0.0.tgz",
      "integrity": "sha512-3wdGidZyq5PB084XLES5TpOSRA3wjXAlIWMhum2kRcv/41Sn2emQ0dycQW4uZXLejwKvg6EsvbdlVL+FYEct7A=="
    }
  }
}
